// !$*UTF8*$!
{
	archiveVersion = 1;
	classes = {
	};
	objectVersion = 46;
	objects = {

/* Begin PBXBuildFile section */
		0481339B1D3E18C100226E1A /* main.m in Sources */ = {isa = PBXBuildFile; fileRef = 0481339A1D3E18C100226E1A /* main.m */; };
		0481339E1D3E18C100226E1A /* AppDelegate.m in Sources */ = {isa = PBXBuildFile; fileRef = 0481339D1D3E18C100226E1A /* AppDelegate.m */; };
		048133A11D3E18C100226E1A /* ViewController.m in Sources */ = {isa = PBXBuildFile; fileRef = 048133A01D3E18C100226E1A /* ViewController.m */; };
		048133A41D3E18C100226E1A /* Main.storyboard in Resources */ = {isa = PBXBuildFile; fileRef = 048133A21D3E18C100226E1A /* Main.storyboard */; };
		048133A61D3E18C100226E1A /* Assets.xcassets in Resources */ = {isa = PBXBuildFile; fileRef = 048133A51D3E18C100226E1A /* Assets.xcassets */; };
		048133A91D3E18C100226E1A /* LaunchScreen.storyboard in Resources */ = {isa = PBXBuildFile; fileRef = 048133A71D3E18C100226E1A /* LaunchScreen.storyboard */; };
		048133B41D3E18C100226E1A /* ____Tests.m in Sources */ = {isa = PBXBuildFile; fileRef = 048133B31D3E18C100226E1A /* ____Tests.m */; };
		048133BF1D3E18C100226E1A /* ____UITests.m in Sources */ = {isa = PBXBuildFile; fileRef = 048133BE1D3E18C100226E1A /* ____UITests.m */; };
		048133CF1D3E19A600226E1A /* yacht_hull.png in Resources */ = {isa = PBXBuildFile; fileRef = 048133CC1D3E19A600226E1A /* yacht_hull.png */; };
		048133D01D3E19A600226E1A /* yacht_shadow.png in Resources */ = {isa = PBXBuildFile; fileRef = 048133CD1D3E19A600226E1A /* yacht_shadow.png */; };
		048133D11D3E19A600226E1A /* yacht_water_one.png in Resources */ = {isa = PBXBuildFile; fileRef = 048133CE1D3E19A600226E1A /* yacht_water_one.png */; };
/* End PBXBuildFile section */

/* Begin PBXContainerItemProxy section */
		048133B01D3E18C100226E1A /* PBXContainerItemProxy */ = {
			isa = PBXContainerItemProxy;
			containerPortal = 0481338E1D3E18C000226E1A /* Project object */;
			proxyType = 1;
			remoteGlobalIDString = 048133951D3E18C000226E1A;
			remoteInfo = "轮船轨迹";
		};
		048133BB1D3E18C100226E1A /* PBXContainerItemProxy */ = {
			isa = PBXContainerItemProxy;
			containerPortal = 0481338E1D3E18C000226E1A /* Project object */;
			proxyType = 1;
			remoteGlobalIDString = 048133951D3E18C000226E1A;
			remoteInfo = "轮船轨迹";
		};
/* End PBXContainerItemProxy section */

/* Begin PBXFileReference section */
		048133961D3E18C000226E1A /* 轮船轨迹.app */ = {isa = PBXFileReference; explicitFileType = wrapper.application; includeInIndex = 0; path = "轮船轨迹.app"; sourceTree = BUILT_PRODUCTS_DIR; };
		0481339A1D3E18C100226E1A /* main.m */ = {isa = PBXFileReference; lastKnownFileType = sourcecode.c.objc; path = main.m; sourceTree = "<group>"; };
		0481339C1D3E18C100226E1A /* AppDelegate.h */ = {isa = PBXFileReference; lastKnownFileType = sourcecode.c.h; path = AppDelegate.h; sourceTree = "<group>"; };
		0481339D1D3E18C100226E1A /* AppDelegate.m */ = {isa = PBXFileReference; lastKnownFileType = sourcecode.c.objc; path = AppDelegate.m; sourceTree = "<group>"; };
		0481339F1D3E18C100226E1A /* ViewController.h */ = {isa = PBXFileReference; lastKnownFileType = sourcecode.c.h; path = ViewController.h; sourceTree = "<group>"; };
		048133A01D3E18C100226E1A /* ViewController.m */ = {isa = PBXFileReference; lastKnownFileType = sourcecode.c.objc; path = ViewController.m; sourceTree = "<group>"; };
		048133A31D3E18C100226E1A /* Base */ = {isa = PBXFileReference; lastKnownFileType = file.storyboard; name = Base; path = Base.lproj/Main.storyboard; sourceTree = "<group>"; };
		048133A51D3E18C100226E1A /* Assets.xcassets */ = {isa = PBXFileReference; lastKnownFileType = folder.assetcatalog; path = Assets.xcassets; sourceTree = "<group>"; };
		048133A81D3E18C100226E1A /* Base */ = {isa = PBXFileReference; lastKnownFileType = file.storyboard; name = Base; path = Base.lproj/LaunchScreen.storyboard; sourceTree = "<group>"; };
		048133AA1D3E18C100226E1A /* Info.plist */ = {isa = PBXFileReference; lastKnownFileType = text.plist.xml; path = Info.plist; sourceTree = "<group>"; };
		048133AF1D3E18C100226E1A /* 轮船轨迹Tests.xctest */ = {isa = PBXFileReference; explicitFileType = wrapper.cfbundle; includeInIndex = 0; path = "轮船轨迹Tests.xctest"; sourceTree = BUILT_PRODUCTS_DIR; };
		048133B31D3E18C100226E1A /* ____Tests.m */ = {isa = PBXFileReference; lastKnownFileType = sourcecode.c.objc; path = "____Tests.m"; sourceTree = "<group>"; };
		048133B51D3E18C100226E1A /* Info.plist */ = {isa = PBXFileReference; lastKnownFileType = text.plist.xml; path = Info.plist; sourceTree = "<group>"; };
		048133BA1D3E18C100226E1A /* 轮船轨迹UITests.xctest */ = {isa = PBXFileReference; explicitFileType = wrapper.cfbundle; includeInIndex = 0; path = "轮船轨迹UITests.xctest"; sourceTree = BUILT_PRODUCTS_DIR; };
		048133BE1D3E18C100226E1A /* ____UITests.m */ = {isa = PBXFileReference; lastKnownFileType = sourcecode.c.objc; path = "____UITests.m"; sourceTree = "<group>"; };
		048133C01D3E18C100226E1A /* Info.plist */ = {isa = PBXFileReference; lastKnownFileType = text.plist.xml; path = Info.plist; sourceTree = "<group>"; };
		048133CC1D3E19A600226E1A /* yacht_hull.png */ = {isa = PBXFileReference; lastKnownFileType = image.png; path = yacht_hull.png; sourceTree = "<group>"; };
		048133CD1D3E19A600226E1A /* yacht_shadow.png */ = {isa = PBXFileReference; lastKnownFileType = image.png; path = yacht_shadow.png; sourceTree = "<group>"; };
		048133CE1D3E19A600226E1A /* yacht_water_one.png */ = {isa = PBXFileReference; lastKnownFileType = image.png; path = yacht_water_one.png; sourceTree = "<group>"; };
/* End PBXFileReference section */

/* Begin PBXFrameworksBuildPhase section */
		048133931D3E18C000226E1A /* Frameworks */ = {
			isa = PBXFrameworksBuildPhase;
			buildActionMask = 2147483647;
			files = (
			);
			runOnlyForDeploymentPostprocessing = 0;
		};
		048133AC1D3E18C100226E1A /* Frameworks */ = {
			isa = PBXFrameworksBuildPhase;
			buildActionMask = 2147483647;
			files = (
			);
			runOnlyForDeploymentPostprocessing = 0;
		};
		048133B71D3E18C100226E1A /* Frameworks */ = {
			isa = PBXFrameworksBuildPhase;
			buildActionMask = 2147483647;
			files = (
			);
			runOnlyForDeploymentPostprocessing = 0;
		};
/* End PBXFrameworksBuildPhase section */

/* Begin PBXGroup section */
		0481338D1D3E18C000226E1A = {
			isa = PBXGroup;
			children = (
				048133981D3E18C100226E1A /* 轮船轨迹 */,
				048133B21D3E18C100226E1A /* 轮船轨迹Tests */,
				048133BD1D3E18C100226E1A /* 轮船轨迹UITests */,
				048133971D3E18C000226E1A /* Products */,
			);
			sourceTree = "<group>";
		};
		048133971D3E18C000226E1A /* Products */ = {
			isa = PBXGroup;
			children = (
				048133961D3E18C000226E1A /* 轮船轨迹.app */,
				048133AF1D3E18C100226E1A /* 轮船轨迹Tests.xctest */,
				048133BA1D3E18C100226E1A /* 轮船轨迹UITests.xctest */,
			);
			name = Products;
			sourceTree = "<group>";
		};
		048133981D3E18C100226E1A /* 轮船轨迹 */ = {
			isa = PBXGroup;
			children = (
				0481339C1D3E18C100226E1A /* AppDelegate.h */,
				0481339D1D3E18C100226E1A /* AppDelegate.m */,
				0481339F1D3E18C100226E1A /* ViewController.h */,
				048133A01D3E18C100226E1A /* ViewController.m */,
				048133A21D3E18C100226E1A /* Main.storyboard */,
				048133A51D3E18C100226E1A /* Assets.xcassets */,
				048133A71D3E18C100226E1A /* LaunchScreen.storyboard */,
				048133AA1D3E18C100226E1A /* Info.plist */,
				048133991D3E18C100226E1A /* Supporting Files */,
			);
			path = "轮船轨迹";
			sourceTree = "<group>";
		};
		048133991D3E18C100226E1A /* Supporting Files */ = {
			isa = PBXGroup;
			children = (
				048133CC1D3E19A600226E1A /* yacht_hull.png */,
				048133CD1D3E19A600226E1A /* yacht_shadow.png */,
				048133CE1D3E19A600226E1A /* yacht_water_one.png */,
				0481339A1D3E18C100226E1A /* main.m */,
			);
			name = "Supporting Files";
			sourceTree = "<group>";
		};
		048133B21D3E18C100226E1A /* 轮船轨迹Tests */ = {
			isa = PBXGroup;
			children = (
				048133B31D3E18C100226E1A /* ____Tests.m */,
				048133B51D3E18C100226E1A /* Info.plist */,
			);
			path = "轮船轨迹Tests";
			sourceTree = "<group>";
		};
		048133BD1D3E18C100226E1A /* 轮船轨迹UITests */ = {
			isa = PBXGroup;
			children = (
				048133BE1D3E18C100226E1A /* ____UITests.m */,
				048133C01D3E18C100226E1A /* Info.plist */,
			);
			path = "轮船轨迹UITests";
			sourceTree = "<group>";
		};
/* End PBXGroup section */

/* Begin PBXNativeTarget section */
		048133951D3E18C000226E1A /* 轮船轨迹 */ = {
			isa = PBXNativeTarget;
			buildConfigurationList = 048133C31D3E18C100226E1A /* Build configuration list for PBXNativeTarget "轮船轨迹" */;
			buildPhases = (
				048133921D3E18C000226E1A /* Sources */,
				048133931D3E18C000226E1A /* Frameworks */,
				048133941D3E18C000226E1A /* Resources */,
			);
			buildRules = (
			);
			dependencies = (
			);
			name = "轮船轨迹";
			productName = "轮船轨迹";
			productReference = 048133961D3E18C000226E1A /* 轮船轨迹.app */;
			productType = "com.apple.product-type.application";
		};
		048133AE1D3E18C100226E1A /* 轮船轨迹Tests */ = {
			isa = PBXNativeTarget;
			buildConfigurationList = 048133C61D3E18C200226E1A /* Build configuration list for PBXNativeTarget "轮船轨迹Tests" */;
			buildPhases = (
				048133AB1D3E18C100226E1A /* Sources */,
				048133AC1D3E18C100226E1A /* Frameworks */,
				048133AD1D3E18C100226E1A /* Resources */,
			);
			buildRules = (
			);
			dependencies = (
				048133B11D3E18C100226E1A /* PBXTargetDependency */,
			);
			name = "轮船轨迹Tests";
			productName = "轮船轨迹Tests";
			productReference = 048133AF1D3E18C100226E1A /* 轮船轨迹Tests.xctest */;
			productType = "com.apple.product-type.bundle.unit-test";
		};
		048133B91D3E18C100226E1A /* 轮船轨迹UITests */ = {
			isa = PBXNativeTarget;
			buildConfigurationList = 048133C91D3E18C200226E1A /* Build configuration list for PBXNativeTarget "轮船轨迹UITests" */;
			buildPhases = (
				048133B61D3E18C100226E1A /* Sources */,
				048133B71D3E18C100226E1A /* Frameworks */,
				048133B81D3E18C100226E1A /* Resources */,
			);
			buildRules = (
			);
			dependencies = (
				048133BC1D3E18C100226E1A /* PBXTargetDependency */,
			);
			name = "轮船轨迹UITests";
			productName = "轮船轨迹UITests";
			productReference = 048133BA1D3E18C100226E1A /* 轮船轨迹UITests.xctest */;
			productType = "com.apple.product-type.bundle.ui-testing";
		};
/* End PBXNativeTarget section */

/* Begin PBXProject section */
		0481338E1D3E18C000226E1A /* Project object */ = {
			isa = PBXProject;
			attributes = {
				LastUpgradeCheck = 0730;
				ORGANIZATIONNAME = mac;
				TargetAttributes = {
					048133951D3E18C000226E1A = {
						CreatedOnToolsVersion = 7.3.1;
						DevelopmentTeam = 38S6WEEPMF;
					};
					048133AE1D3E18C100226E1A = {
						CreatedOnToolsVersion = 7.3.1;
						DevelopmentTeam = 38S6WEEPMF;
						TestTargetID = 048133951D3E18C000226E1A;
					};
					048133B91D3E18C100226E1A = {
						CreatedOnToolsVersion = 7.3.1;
						DevelopmentTeam = 38S6WEEPMF;
						TestTargetID = 048133951D3E18C000226E1A;
					};
				};
			};
			buildConfigurationList = 048133911D3E18C000226E1A /* Build configuration list for PBXProject "轮船轨迹" */;
			compatibilityVersion = "Xcode 3.2";
			developmentRegion = English;
			hasScannedForEncodings = 0;
			knownRegions = (
				en,
				Base,
			);
			mainGroup = 0481338D1D3E18C000226E1A;
			productRefGroup = 048133971D3E18C000226E1A /* Products */;
			projectDirPath = "";
			projectRoot = "";
			targets = (
				048133951D3E18C000226E1A /* 轮船轨迹 */,
				048133AE1D3E18C100226E1A /* 轮船轨迹Tests */,
				048133B91D3E18C100226E1A /* 轮船轨迹UITests */,
			);
		};
/* End PBXProject section */

/* Begin PBXResourcesBuildPhase section */
		048133941D3E18C000226E1A /* Resources */ = {
			isa = PBXResourcesBuildPhase;
			buildActionMask = 2147483647;
			files = (
				048133A91D3E18C100226E1A /* LaunchScreen.storyboard in Resources */,
				048133A61D3E18C100226E1A /* Assets.xcassets in Resources */,
				048133D11D3E19A600226E1A /* yacht_water_one.png in Resources */,
				048133CF1D3E19A600226E1A /* yacht_hull.png in Resources */,
				048133A41D3E18C100226E1A /* Main.storyboard in Resources */,
				048133D01D3E19A600226E1A /* yacht_shadow.png in Resources */,
			);
			runOnlyForDeploymentPostprocessing = 0;
		};
		048133AD1D3E18C100226E1A /* Resources */ = {
			isa = PBXResourcesBuildPhase;
			buildActionMask = 2147483647;
			files = (
			);
			runOnlyForDeploymentPostprocessing = 0;
		};
		048133B81D3E18C100226E1A /* Resources */ = {
			isa = PBXResourcesBuildPhase;
			buildActionMask = 2147483647;
			files = (
			);
			runOnlyForDeploymentPostprocessing = 0;
		};
/* End PBXResourcesBuildPhase section */

/* Begin PBXSourcesBuildPhase section */
		048133921D3E18C000226E1A /* Sources */ = {
			isa = PBXSourcesBuildPhase;
			buildActionMask = 2147483647;
			files = (
				048133A11D3E18C100226E1A /* ViewController.m in Sources */,
				0481339E1D3E18C100226E1A /* AppDelegate.m in Sources */,
				0481339B1D3E18C100226E1A /* main.m in Sources */,
			);
			runOnlyForDeploymentPostprocessing = 0;
		};
		048133AB1D3E18C100226E1A /* Sources */ = {
			isa = PBXSourcesBuildPhase;
			buildActionMask = 2147483647;
			files = (
				048133B41D3E18C100226E1A /* ____Tests.m in Sources */,
			);
			runOnlyForDeploymentPostprocessing = 0;
		};
		048133B61D3E18C100226E1A /* Sources */ = {
			isa = PBXSourcesBuildPhase;
			buildActionMask = 2147483647;
			files = (
				048133BF1D3E18C100226E1A /* ____UITests.m in Sources */,
			);
			runOnlyForDeploymentPostprocessing = 0;
		};
/* End PBXSourcesBuildPhase section */

/* Begin PBXTargetDependency section */
		048133B11D3E18C100226E1A /* PBXTargetDependency */ = {
			isa = PBXTargetDependency;
			target = 048133951D3E18C000226E1A /* 轮船轨迹 */;
			targetProxy = 048133B01D3E18C100226E1A /* PBXContainerItemProxy */;
		};
		048133BC1D3E18C100226E1A /* PBXTargetDependency */ = {
			isa = PBXTargetDependency;
			target = 048133951D3E18C000226E1A /* 轮船轨迹 */;
			targetProxy = 048133BB1D3E18C100226E1A /* PBXContainerItemProxy */;
		};
/* End PBXTargetDependency section */

/* Begin PBXVariantGroup section */
		048133A21D3E18C100226E1A /* Main.storyboard */ = {
			isa = PBXVariantGroup;
			children = (
				048133A31D3E18C100226E1A /* Base */,
			);
			name = Main.storyboard;
			sourceTree = "<group>";
		};
		048133A71D3E18C100226E1A /* LaunchScreen.storyboard */ = {
			isa = PBXVariantGroup;
			children = (
				048133A81D3E18C100226E1A /* Base */,
			);
			name = LaunchScreen.storyboard;
			sourceTree = "<group>";
		};
/* End PBXVariantGroup section */

/* Begin XCBuildConfiguration section */
		048133C11D3E18C100226E1A /* Debug */ = {
			isa = XCBuildConfiguration;
			buildSettings = {
				ALWAYS_SEARCH_USER_PATHS = NO;
				CLANG_ANALYZER_NONNULL = YES;
				CLANG_CXX_LANGUAGE_STANDARD = "gnu++0x";
				CLANG_CXX_LIBRARY = "libc++";
				CLANG_ENABLE_MODULES = YES;
				CLANG_ENABLE_OBJC_ARC = YES;
				CLANG_WARN_BOOL_CONVERSION = YES;
				CLANG_WARN_CONSTANT_CONVERSION = YES;
				CLANG_WARN_DIRECT_OBJC_ISA_USAGE = YES_ERROR;
				CLANG_WARN_EMPTY_BODY = YES;
				CLANG_WARN_ENUM_CONVERSION = YES;
				CLANG_WARN_INT_CONVERSION = YES;
				CLANG_WARN_OBJC_ROOT_CLASS = YES_ERROR;
				CLANG_WARN_UNREACHABLE_CODE = YES;
				CLANG_WARN__DUPLICATE_METHOD_MATCH = YES;
				"CODE_SIGN_IDENTITY[sdk=iphoneos*]" = "iPhone Developer";
				COPY_PHASE_STRIP = NO;
				DEBUG_INFORMATION_FORMAT = dwarf;
				ENABLE_STRICT_OBJC_MSGSEND = YES;
				ENABLE_TESTABILITY = YES;
				GCC_C_LANGUAGE_STANDARD = gnu99;
				GCC_DYNAMIC_NO_PIC = NO;
				GCC_NO_COMMON_BLOCKS = YES;
				GCC_OPTIMIZATION_LEVEL = 0;
				GCC_PREPROCESSOR_DEFINITIONS = (
					"DEBUG=1",
					"$(inherited)",
				);
				GCC_WARN_64_TO_32_BIT_CONVERSION = YES;
				GCC_WARN_ABOUT_RETURN_TYPE = YES_ERROR;
				GCC_WARN_UNDECLARED_SELECTOR = YES;
				GCC_WARN_UNINITIALIZED_AUTOS = YES_AGGRESSIVE;
				GCC_WARN_UNUSED_FUNCTION = YES;
				GCC_WARN_UNUSED_VARIABLE = YES;
				IPHONEOS_DEPLOYMENT_TARGET = 9.3;
				MTL_ENABLE_DEBUG_INFO = YES;
				ONLY_ACTIVE_ARCH = YES;
				SDKROOT = iphoneos;
			};
			name = Debug;
		};
		048133C21D3E18C100226E1A /* Release */ = {
			isa = XCBuildConfiguration;
			buildSettings = {
				ALWAYS_SEARCH_USER_PATHS = NO;
				CLANG_ANALYZER_NONNULL = YES;
				CLANG_CXX_LANGUAGE_STANDARD = "gnu++0x";
				CLANG_CXX_LIBRARY = "libc++";
				CLANG_ENABLE_MODULES = YES;
				CLANG_ENABLE_OBJC_ARC = YES;
				CLANG_WARN_BOOL_CONVERSION = YES;
				CLANG_WARN_CONSTANT_CONVERSION = YES;
				CLANG_WARN_DIRECT_OBJC_ISA_USAGE = YES_ERROR;
				CLANG_WARN_EMPTY_BODY = YES;
				CLANG_WARN_ENUM_CONVERSION = YES;
				CLANG_WARN_INT_CONVERSION = YES;
				CLANG_WARN_OBJC_ROOT_CLASS = YES_ERROR;
				CLANG_WARN_UNREACHABLE_CODE = YES;
				CLANG_WARN__DUPLICATE_METHOD_MATCH = YES;
				"CODE_SIGN_IDENTITY[sdk=iphoneos*]" = "iPhone Developer";
				COPY_PHASE_STRIP = NO;
				DEBUG_INFORMATION_FORMAT = "dwarf-with-dsym";
				ENABLE_NS_ASSERTIONS = NO;
				ENABLE_STRICT_OBJC_MSGSEND = YES;
				GCC_C_LANGUAGE_STANDARD = gnu99;
				GCC_NO_COMMON_BLOCKS = YES;
				GCC_WARN_64_TO_32_BIT_CONVERSION = YES;
				GCC_WARN_ABOUT_RETURN_TYPE = YES_ERROR;
				GCC_WARN_UNDECLARED_SELECTOR = YES;
				GCC_WARN_UNINITIALIZED_AUTOS = YES_AGGRESSIVE;
				GCC_WARN_UNUSED_FUNCTION = YES;
				GCC_WARN_UNUSED_VARIABLE = YES;
				IPHONEOS_DEPLOYMENT_TARGET = 9.3;
				MTL_ENABLE_DEBUG_INFO = NO;
				SDKROOT = iphoneos;
				VALIDATE_PRODUCT = YES;
			};
			name = Release;
		};
		048133C41D3E18C100226E1A /* Debug */ = {
			isa = XCBuildConfiguration;
			buildSettings = {
				ASSETCATALOG_COMPILER_APPICON_NAME = AppIcon;
				INFOPLIST_FILE = "轮船轨迹/Info.plist";
				LD_RUNPATH_SEARCH_PATHS = "$(inherited) @executable_path/Frameworks";
				PRODUCT_BUNDLE_IDENTIFIER = "com.meipeng.----";
				PRODUCT_NAME = "$(TARGET_NAME)";
			};
			name = Debug;
		};
		048133C51D3E18C100226E1A /* Release */ = {
			isa = XCBuildConfiguration;
			buildSettings = {
				ASSETCATALOG_COMPILER_APPICON_NAME = AppIcon;
				INFOPLIST_FILE = "轮船轨迹/Info.plist";
				LD_RUNPATH_SEARCH_PATHS = "$(inherited) @executable_path/Frameworks";
				PRODUCT_BUNDLE_IDENTIFIER = "com.meipeng.----";
				PRODUCT_NAME = "$(TARGET_NAME)";
			};
			name = Release;
		};
		048133C71D3E18C200226E1A /* Debug */ = {
			isa = XCBuildConfiguration;
			buildSettings = {
				BUNDLE_LOADER = "$(TEST_HOST)";
				INFOPLIST_FILE = "轮船轨迹Tests/Info.plist";
				LD_RUNPATH_SEARCH_PATHS = "$(inherited) @executable_path/Frameworks @loader_path/Frameworks";
				PRODUCT_BUNDLE_IDENTIFIER = "com.meipeng.----Tests";
				PRODUCT_NAME = "$(TARGET_NAME)";
				TEST_HOST = "$(BUILT_PRODUCTS_DIR)/轮船轨迹.app/轮船轨迹";
			};
			name = Debug;
		};
		048133C81D3E18C200226E1A /* Release */ = {
			isa = XCBuildConfiguration;
			buildSettings = {
				BUNDLE_LOADER = "$(TEST_HOST)";
				INFOPLIST_FILE = "轮船轨迹Tests/Info.plist";
				LD_RUNPATH_SEARCH_PATHS = "$(inherited) @executable_path/Frameworks @loader_path/Frameworks";
				PRODUCT_BUNDLE_IDENTIFIER = "com.meipeng.----Tests";
				PRODUCT_NAME = "$(TARGET_NAME)";
				TEST_HOST = "$(BUILT_PRODUCTS_DIR)/轮船轨迹.app/轮船轨迹";
			};
			name = Release;
		};
		048133CA1D3E18C200226E1A /* Debug */ = {
			isa = XCBuildConfiguration;
			buildSettings = {
				INFOPLIST_FILE = "轮船轨迹UITests/Info.plist";
				LD_RUNPATH_SEARCH_PATHS = "$(inherited) @executable_path/Frameworks @loader_path/Frameworks";
				PRODUCT_BUNDLE_IDENTIFIER = "com.meipeng.----UITests";
				PRODUCT_NAME = "$(TARGET_NAME)";
				TEST_TARGET_NAME = "轮船轨迹";
			};
			name = Debug;
		};
		048133CB1D3E18C200226E1A /* Release */ = {
			isa = XCBuildConfiguration;
			buildSettings = {
				INFOPLIST_FILE = "轮船轨迹UITests/Info.plist";
				LD_RUNPATH_SEARCH_PATHS = "$(inherited) @executable_path/Frameworks @loader_path/Frameworks";
				PRODUCT_BUNDLE_IDENTIFIER = "com.meipeng.----UITests";
				PRODUCT_NAME = "$(TARGET_NAME)";
				TEST_TARGET_NAME = "轮船轨迹";
			};
			name = Release;
		};
/* End XCBuildConfiguration section */

/* Begin XCConfigurationList section */
		048133911D3E18C000226E1A /* Build configuration list for PBXProject "轮船轨迹" */ = {
			isa = XCConfigurationList;
			buildConfigurations = (
				048133C11D3E18C100226E1A /* Debug */,
				048133C21D3E18C100226E1A /* Release */,
			);
			defaultConfigurationIsVisible = 0;
			defaultConfigurationName = Release;
		};
		048133C31D3E18C100226E1A /* Build configuration list for PBXNativeTarget "轮船轨迹" */ = {
			isa = XCConfigurationList;
			buildConfigurations = (
				048133C41D3E18C100226E1A /* Debug */,
				048133C51D3E18C100226E1A /* Release */,
			);
			defaultConfigurationIsVisible = 0;
		};
		048133C61D3E18C200226E1A /* Build configuration list for PBXNativeTarget "轮船轨迹Tests" */ = {
			isa = XCConfigurationList;
			buildConfigurations = (
				048133C71D3E18C200226E1A /* Debug */,
				048133C81D3E18C200226E1A /* Release */,
			);
			defaultConfigurationIsVisible = 0;
		};
		048133C91D3E18C200226E1A /* Build configuration list for PBXNativeTarget "轮船轨迹UITests" */ = {
			isa = XCConfigurationList;
			buildConfigurations = (
				048133CA1D3E18C200226E1A /* Debug */,
				048133CB1D3E18C200226E1A /* Release */,
			);
			defaultConfigurationIsVisible = 0;
		};
/* End XCConfigurationList section */
	};
	rootObject = 0481338E1D3E18C000226E1A /* Project object */;
}
